PODS:
  - fishhook (0.2)
  - GCDWebServer (3.5.4):
    - GCDWebServer/Core (= 3.5.4)
  - GCDWebServer/Core (3.5.4)
  - JRSwizzle (2.0.0)

DEPENDENCIES:
  - fishhook (from `fishhook.podspec`)
  - GCDWebServer
  - JRSwizzle

SPEC REPOS:
  trunk:
    - GCDWebServer
    - JRSwizzle

EXTERNAL SOURCES:
  fishhook:
    :podspec: fishhook.podspec

SPEC CHECKSUMS:
  fishhook: 415495c4be055473f437f0755286ae99e22d18da
  GCDWebServer: 2c156a56c8226e2d5c0c3f208a3621ccffbe3ce4
  JRSwizzle: 7a6fdfe05231e2de26eb14835622d4c6c20c0b6c

PODFILE CHECKSUM: 2882fbedfd770003d6828a279714d6ce0ef9a985

COCOAPODS: 1.15.2
