// !$*UTF8*$!
{
	archiveVersion = 1;
	classes = {
	};
	objectVersion = 46;
	objects = {

/* Begin PBXBuildFile section */
		7D14E5A41F6447DB00D75132 /* AlfredManager.h in Headers */ = {isa = PBXBuildFile; fileRef = 7D14E5A21F6447DB00D75132 /* AlfredManager.h */; };
		7D14E5A51F6447DB00D75132 /* AlfredManager.m in Sources */ = {isa = PBXBuildFile; fileRef = 7D14E5A31F6447DB00D75132 /* AlfredManager.m */; };
		7D54A05C20E74D9400CB5306 /* TweakPreferencesController.xib in Resources */ = {isa = PBXBuildFile; fileRef = 7D54A05E20E74D9400CB5306 /* TweakPreferencesController.xib */; };
		7D54A06A20E74FE500CB5306 /* Localizable.strings in Resources */ = {isa = PBXBuildFile; fileRef = 7D54A06C20E74FE500CB5306 /* Localizable.strings */; };
		7D9049F51F82A41A004E6370 /* fishhook.c in Sources */ = {isa = PBXBuildFile; fileRef = 7D9049F31F82A415004E6370 /* fishhook.c */; };
		7D9049F61F82A41A004E6370 /* fishhook.h in Headers */ = {isa = PBXBuildFile; fileRef = 7D9049F41F82A415004E6370 /* fishhook.h */; };
		7D9049F91F82B6FB004E6370 /* NSString+WeChatTweak.m in Sources */ = {isa = PBXBuildFile; fileRef = 7D9049F81F82B6FB004E6370 /* NSString+WeChatTweak.m */; };
		7D9049FA1F82B708004E6370 /* NSString+WeChatTweak.h in Headers */ = {isa = PBXBuildFile; fileRef = 7D9049F71F82B6FB004E6370 /* NSString+WeChatTweak.h */; };
		7DB8AFBE206211D900E683AE /* WTConfigManager.h in Headers */ = {isa = PBXBuildFile; fileRef = 7DB8AFBC206211D900E683AE /* WTConfigManager.h */; };
		7DB8AFBF206211D900E683AE /* WTConfigManager.m in Sources */ = {isa = PBXBuildFile; fileRef = 7DB8AFBD206211D900E683AE /* WTConfigManager.m */; };
		7DBA4467231812AB004CE2DB /* RecallCacheManager.h in Headers */ = {isa = PBXBuildFile; fileRef = 7DBA4465231812AB004CE2DB /* RecallCacheManager.h */; };
		7DBA4468231812AB004CE2DB /* RecallCacheManager.m in Sources */ = {isa = PBXBuildFile; fileRef = 7DBA4466231812AB004CE2DB /* RecallCacheManager.m */; };
		7DF8422C1F40583F00D42D79 /* WeChatTweak.h in Headers */ = {isa = PBXBuildFile; fileRef = 7DF8422A1F40583F00D42D79 /* WeChatTweak.h */; settings = {ATTRIBUTES = (Public, ); }; };
		7DF842341F4058AB00D42D79 /* WeChatTweak.m in Sources */ = {isa = PBXBuildFile; fileRef = 7DF842331F4058AB00D42D79 /* WeChatTweak.m */; };
		7DF842521F4058C600D42D79 /* TweakPreferencesController.h in Headers */ = {isa = PBXBuildFile; fileRef = 7DF8424F1F4058C600D42D79 /* TweakPreferencesController.h */; };
		7DF842531F4058C600D42D79 /* TweakPreferencesController.m in Sources */ = {isa = PBXBuildFile; fileRef = 7DF842501F4058C600D42D79 /* TweakPreferencesController.m */; };
		7DF8425B1F4058DD00D42D79 /* NSBundle+WeChatTweak.h in Headers */ = {isa = PBXBuildFile; fileRef = 7DF842571F4058DD00D42D79 /* NSBundle+WeChatTweak.h */; };
		7DF8425C1F4058DD00D42D79 /* NSBundle+WeChatTweak.m in Sources */ = {isa = PBXBuildFile; fileRef = 7DF842581F4058DD00D42D79 /* NSBundle+WeChatTweak.m */; };
		7DF842601F40590500D42D79 /* WeChatTweakHeaders.h in Headers */ = {isa = PBXBuildFile; fileRef = 7DF8425F1F40590500D42D79 /* WeChatTweakHeaders.h */; };
		7DF842651F40594400D42D79 /* Prefs-Tweak.tiff in Resources */ = {isa = PBXBuildFile; fileRef = 7DF842641F40594400D42D79 /* Prefs-Tweak.tiff */; };
		D84599A16A2504BCF95DB436 /* libPods-WeChatTweak.a in Frameworks */ = {isa = PBXBuildFile; fileRef = 153504EC5C9196C0D85213CF /* libPods-WeChatTweak.a */; };
/* End PBXBuildFile section */

/* Begin PBXFileReference section */
		153504EC5C9196C0D85213CF /* libPods-WeChatTweak.a */ = {isa = PBXFileReference; explicitFileType = archive.ar; includeInIndex = 0; path = "libPods-WeChatTweak.a"; sourceTree = BUILT_PRODUCTS_DIR; };
		7D14E5A21F6447DB00D75132 /* AlfredManager.h */ = {isa = PBXFileReference; fileEncoding = 4; lastKnownFileType = sourcecode.c.h; path = AlfredManager.h; sourceTree = "<group>"; };
		7D14E5A31F6447DB00D75132 /* AlfredManager.m */ = {isa = PBXFileReference; fileEncoding = 4; lastKnownFileType = sourcecode.c.objc; path = AlfredManager.m; sourceTree = "<group>"; };
		7D54A05F20E74E4600CB5306 /* Base */ = {isa = PBXFileReference; lastKnownFileType = file.xib; name = Base; path = Base.lproj/TweakPreferencesController.xib; sourceTree = "<group>"; };
		7D54A07020E74FFD00CB5306 /* en */ = {isa = PBXFileReference; lastKnownFileType = text.plist.strings; name = en; path = en.lproj/Localizable.strings; sourceTree = "<group>"; };
		7D54A07120E7535F00CB5306 /* zh-Hans */ = {isa = PBXFileReference; lastKnownFileType = text.plist.strings; name = "zh-Hans"; path = "zh-Hans.lproj/Localizable.strings"; sourceTree = "<group>"; };
		7D54A07220E7536300CB5306 /* zh-Hant */ = {isa = PBXFileReference; lastKnownFileType = text.plist.strings; name = "zh-Hant"; path = "zh-Hant.lproj/Localizable.strings"; sourceTree = "<group>"; };
		7D9049F31F82A415004E6370 /* fishhook.c */ = {isa = PBXFileReference; lastKnownFileType = sourcecode.c.c; path = fishhook.c; sourceTree = "<group>"; };
		7D9049F41F82A415004E6370 /* fishhook.h */ = {isa = PBXFileReference; lastKnownFileType = sourcecode.c.h; path = fishhook.h; sourceTree = "<group>"; };
		7D9049F71F82B6FB004E6370 /* NSString+WeChatTweak.h */ = {isa = PBXFileReference; lastKnownFileType = sourcecode.c.h; path = "NSString+WeChatTweak.h"; sourceTree = "<group>"; };
		7D9049F81F82B6FB004E6370 /* NSString+WeChatTweak.m */ = {isa = PBXFileReference; lastKnownFileType = sourcecode.c.objc; path = "NSString+WeChatTweak.m"; sourceTree = "<group>"; };
		7DB8AFBC206211D900E683AE /* WTConfigManager.h */ = {isa = PBXFileReference; lastKnownFileType = sourcecode.c.h; path = WTConfigManager.h; sourceTree = "<group>"; };
		7DB8AFBD206211D900E683AE /* WTConfigManager.m */ = {isa = PBXFileReference; lastKnownFileType = sourcecode.c.objc; path = WTConfigManager.m; sourceTree = "<group>"; };
		7DBA4465231812AB004CE2DB /* RecallCacheManager.h */ = {isa = PBXFileReference; lastKnownFileType = sourcecode.c.h; path = RecallCacheManager.h; sourceTree = "<group>"; };
		7DBA4466231812AB004CE2DB /* RecallCacheManager.m */ = {isa = PBXFileReference; lastKnownFileType = sourcecode.c.objc; path = RecallCacheManager.m; sourceTree = "<group>"; };
		7DF7065D23A8B69000DEA8F6 /* en */ = {isa = PBXFileReference; lastKnownFileType = file.xib; name = en; path = en.lproj/TweakPreferencesController.xib; sourceTree = "<group>"; };
		7DF7065E23A8B69A00DEA8F6 /* zh-Hans */ = {isa = PBXFileReference; lastKnownFileType = file.xib; name = "zh-Hans"; path = "zh-Hans.lproj/TweakPreferencesController.xib"; sourceTree = "<group>"; };
		7DF7065F23A8B6A400DEA8F6 /* zh-Hant */ = {isa = PBXFileReference; lastKnownFileType = file.xib; name = "zh-Hant"; path = "zh-Hant.lproj/TweakPreferencesController.xib"; sourceTree = "<group>"; };
		7DF842271F40583F00D42D79 /* WeChatTweak.framework */ = {isa = PBXFileReference; explicitFileType = wrapper.framework; includeInIndex = 0; path = WeChatTweak.framework; sourceTree = BUILT_PRODUCTS_DIR; };
		7DF8422A1F40583F00D42D79 /* WeChatTweak.h */ = {isa = PBXFileReference; lastKnownFileType = sourcecode.c.h; path = WeChatTweak.h; sourceTree = "<group>"; };
		7DF8422B1F40583F00D42D79 /* Info.plist */ = {isa = PBXFileReference; lastKnownFileType = text.plist.xml; path = Info.plist; sourceTree = "<group>"; };
		7DF842331F4058AB00D42D79 /* WeChatTweak.m */ = {isa = PBXFileReference; fileEncoding = 4; lastKnownFileType = sourcecode.c.objc; path = WeChatTweak.m; sourceTree = "<group>"; };
		7DF8424F1F4058C600D42D79 /* TweakPreferencesController.h */ = {isa = PBXFileReference; fileEncoding = 4; lastKnownFileType = sourcecode.c.h; path = TweakPreferencesController.h; sourceTree = "<group>"; };
		7DF842501F4058C600D42D79 /* TweakPreferencesController.m */ = {isa = PBXFileReference; fileEncoding = 4; lastKnownFileType = sourcecode.c.objc; path = TweakPreferencesController.m; sourceTree = "<group>"; };
		7DF842571F4058DD00D42D79 /* NSBundle+WeChatTweak.h */ = {isa = PBXFileReference; fileEncoding = 4; lastKnownFileType = sourcecode.c.h; path = "NSBundle+WeChatTweak.h"; sourceTree = "<group>"; };
		7DF842581F4058DD00D42D79 /* NSBundle+WeChatTweak.m */ = {isa = PBXFileReference; fileEncoding = 4; lastKnownFileType = sourcecode.c.objc; path = "NSBundle+WeChatTweak.m"; sourceTree = "<group>"; };
		7DF8425F1F40590500D42D79 /* WeChatTweakHeaders.h */ = {isa = PBXFileReference; fileEncoding = 4; lastKnownFileType = sourcecode.c.h; path = WeChatTweakHeaders.h; sourceTree = "<group>"; };
		7DF842641F40594400D42D79 /* Prefs-Tweak.tiff */ = {isa = PBXFileReference; lastKnownFileType = image.tiff; path = "Prefs-Tweak.tiff"; sourceTree = "<group>"; };
		A82E6F61C63DBD47219BB308 /* Pods-WeChatTweak.debug.xcconfig */ = {isa = PBXFileReference; includeInIndex = 1; lastKnownFileType = text.xcconfig; name = "Pods-WeChatTweak.debug.xcconfig"; path = "Pods/Target Support Files/Pods-WeChatTweak/Pods-WeChatTweak.debug.xcconfig"; sourceTree = "<group>"; };
		B418F83DA5D4A992F73514A9 /* Pods-WeChatTweak.release.xcconfig */ = {isa = PBXFileReference; includeInIndex = 1; lastKnownFileType = text.xcconfig; name = "Pods-WeChatTweak.release.xcconfig"; path = "Pods/Target Support Files/Pods-WeChatTweak/Pods-WeChatTweak.release.xcconfig"; sourceTree = "<group>"; };
/* End PBXFileReference section */

/* Begin PBXFrameworksBuildPhase section */
		7DF842231F40583F00D42D79 /* Frameworks */ = {
			isa = PBXFrameworksBuildPhase;
			buildActionMask = 2147483647;
			files = (
				D84599A16A2504BCF95DB436 /* libPods-WeChatTweak.a in Frameworks */,
			);
			runOnlyForDeploymentPostprocessing = 0;
		};
/* End PBXFrameworksBuildPhase section */

/* Begin PBXGroup section */
		785C3947774E235ED4EB5A14 /* Frameworks */ = {
			isa = PBXGroup;
			children = (
				153504EC5C9196C0D85213CF /* libPods-WeChatTweak.a */,
			);
			name = Frameworks;
			sourceTree = "<group>";
		};
		7D5AAF3320DF4B7B00860EEE /* Manager */ = {
			isa = PBXGroup;
			children = (
				7D14E5A21F6447DB00D75132 /* AlfredManager.h */,
				7D14E5A31F6447DB00D75132 /* AlfredManager.m */,
				7DB8AFBC206211D900E683AE /* WTConfigManager.h */,
				7DB8AFBD206211D900E683AE /* WTConfigManager.m */,
				7DBA4465231812AB004CE2DB /* RecallCacheManager.h */,
				7DBA4466231812AB004CE2DB /* RecallCacheManager.m */,
			);
			path = Manager;
			sourceTree = "<group>";
		};
		7D5AAF3520DF4B9700860EEE /* Controller */ = {
			isa = PBXGroup;
			children = (
				7DF8424F1F4058C600D42D79 /* TweakPreferencesController.h */,
				7DF842501F4058C600D42D79 /* TweakPreferencesController.m */,
				7D54A05E20E74D9400CB5306 /* TweakPreferencesController.xib */,
			);
			path = Controller;
			sourceTree = "<group>";
		};
		7D5AAF3620DF4BA400860EEE /* Category */ = {
			isa = PBXGroup;
			children = (
				7DF842571F4058DD00D42D79 /* NSBundle+WeChatTweak.h */,
				7DF842581F4058DD00D42D79 /* NSBundle+WeChatTweak.m */,
				7D9049F71F82B6FB004E6370 /* NSString+WeChatTweak.h */,
				7D9049F81F82B6FB004E6370 /* NSString+WeChatTweak.m */,
			);
			path = Category;
			sourceTree = "<group>";
		};
		7D5AAF3720DF4BB300860EEE /* Vendor */ = {
			isa = PBXGroup;
			children = (
				7D9049F41F82A415004E6370 /* fishhook.h */,
				7D9049F31F82A415004E6370 /* fishhook.c */,
			);
			path = Vendor;
			sourceTree = "<group>";
		};
		7D5AAF3820DF4BC400860EEE /* Supporting Files */ = {
			isa = PBXGroup;
			children = (
				7DF8425F1F40590500D42D79 /* WeChatTweakHeaders.h */,
				7DF8422B1F40583F00D42D79 /* Info.plist */,
				7D54A06C20E74FE500CB5306 /* Localizable.strings */,
			);
			path = "Supporting Files";
			sourceTree = "<group>";
		};
		7DF8421D1F40583F00D42D79 = {
			isa = PBXGroup;
			children = (
				7DF842291F40583F00D42D79 /* WeChatTweak */,
				7DF842281F40583F00D42D79 /* Products */,
				FEFA9C3F34481028661EEC5A /* Pods */,
				785C3947774E235ED4EB5A14 /* Frameworks */,
			);
			sourceTree = "<group>";
		};
		7DF842281F40583F00D42D79 /* Products */ = {
			isa = PBXGroup;
			children = (
				7DF842271F40583F00D42D79 /* WeChatTweak.framework */,
			);
			name = Products;
			sourceTree = "<group>";
		};
		7DF842291F40583F00D42D79 /* WeChatTweak */ = {
			isa = PBXGroup;
			children = (
				7DF8422A1F40583F00D42D79 /* WeChatTweak.h */,
				7DF842331F4058AB00D42D79 /* WeChatTweak.m */,
				7D5AAF3720DF4BB300860EEE /* Vendor */,
				7D5AAF3620DF4BA400860EEE /* Category */,
				7D5AAF3520DF4B9700860EEE /* Controller */,
				7D5AAF3320DF4B7B00860EEE /* Manager */,
				7DF842631F40594400D42D79 /* Resources */,
				7D5AAF3820DF4BC400860EEE /* Supporting Files */,
			);
			path = WeChatTweak;
			sourceTree = "<group>";
		};
		7DF842631F40594400D42D79 /* Resources */ = {
			isa = PBXGroup;
			children = (
				7DF842641F40594400D42D79 /* Prefs-Tweak.tiff */,
			);
			path = Resources;
			sourceTree = "<group>";
		};
		FEFA9C3F34481028661EEC5A /* Pods */ = {
			isa = PBXGroup;
			children = (
				A82E6F61C63DBD47219BB308 /* Pods-WeChatTweak.debug.xcconfig */,
				B418F83DA5D4A992F73514A9 /* Pods-WeChatTweak.release.xcconfig */,
			);
			name = Pods;
			sourceTree = "<group>";
		};
/* End PBXGroup section */

/* Begin PBXHeadersBuildPhase section */
		7DF842241F40583F00D42D79 /* Headers */ = {
			isa = PBXHeadersBuildPhase;
			buildActionMask = 2147483647;
			files = (
				7DBA4467231812AB004CE2DB /* RecallCacheManager.h in Headers */,
				7D9049FA1F82B708004E6370 /* NSString+WeChatTweak.h in Headers */,
				7DF8422C1F40583F00D42D79 /* WeChatTweak.h in Headers */,
				7DF8425B1F4058DD00D42D79 /* NSBundle+WeChatTweak.h in Headers */,
				7DB8AFBE206211D900E683AE /* WTConfigManager.h in Headers */,
				7D9049F61F82A41A004E6370 /* fishhook.h in Headers */,
				7D14E5A41F6447DB00D75132 /* AlfredManager.h in Headers */,
				7DF842601F40590500D42D79 /* WeChatTweakHeaders.h in Headers */,
				7DF842521F4058C600D42D79 /* TweakPreferencesController.h in Headers */,
			);
			runOnlyForDeploymentPostprocessing = 0;
		};
/* End PBXHeadersBuildPhase section */

/* Begin PBXNativeTarget section */
		7DF842261F40583F00D42D79 /* WeChatTweak */ = {
			isa = PBXNativeTarget;
			buildConfigurationList = 7DF8422F1F40583F00D42D79 /* Build configuration list for PBXNativeTarget "WeChatTweak" */;
			buildPhases = (
				CB198514792C1F69F3B65026 /* [CP] Check Pods Manifest.lock */,
				7DF842221F40583F00D42D79 /* Sources */,
				7DF842231F40583F00D42D79 /* Frameworks */,
				7DF842241F40583F00D42D79 /* Headers */,
				7DF842251F40583F00D42D79 /* Resources */,
				7DE5D07F218319DF00ABCE56 /* Export Framework */,
			);
			buildRules = (
			);
			dependencies = (
			);
			name = WeChatTweak;
			productName = WeChatTweak;
			productReference = 7DF842271F40583F00D42D79 /* WeChatTweak.framework */;
			productType = "com.apple.product-type.framework";
		};
/* End PBXNativeTarget section */

/* Begin PBXProject section */
		7DF8421E1F40583F00D42D79 /* Project object */ = {
			isa = PBXProject;
			attributes = {
				LastUpgradeCheck = 0940;
				ORGANIZATIONNAME = Sunnyyoung;
				TargetAttributes = {
					7DF842261F40583F00D42D79 = {
						CreatedOnToolsVersion = 8.3.3;
						ProvisioningStyle = Automatic;
					};
				};
			};
			buildConfigurationList = 7DF842211F40583F00D42D79 /* Build configuration list for PBXProject "WeChatTweak" */;
			compatibilityVersion = "Xcode 3.2";
			developmentRegion = en;
			hasScannedForEncodings = 0;
			knownRegions = (
				en,
				Base,
				"zh-Hans",
				"zh-Hant",
			);
			mainGroup = 7DF8421D1F40583F00D42D79;
			productRefGroup = 7DF842281F40583F00D42D79 /* Products */;
			projectDirPath = "";
			projectRoot = "";
			targets = (
				7DF842261F40583F00D42D79 /* WeChatTweak */,
			);
		};
/* End PBXProject section */

/* Begin PBXResourcesBuildPhase section */
		7DF842251F40583F00D42D79 /* Resources */ = {
			isa = PBXResourcesBuildPhase;
			buildActionMask = 2147483647;
			files = (
				7DF842651F40594400D42D79 /* Prefs-Tweak.tiff in Resources */,
				7D54A06A20E74FE500CB5306 /* Localizable.strings in Resources */,
				7D54A05C20E74D9400CB5306 /* TweakPreferencesController.xib in Resources */,
			);
			runOnlyForDeploymentPostprocessing = 0;
		};
/* End PBXResourcesBuildPhase section */

/* Begin PBXShellScriptBuildPhase section */
		7DE5D07F218319DF00ABCE56 /* Export Framework */ = {
			isa = PBXShellScriptBuildPhase;
			buildActionMask = 2147483647;
			files = (
			);
			inputFileListPaths = (
			);
			inputPaths = (
			);
			name = "Export Framework";
			outputFileListPaths = (
			);
			outputPaths = (
			);
			runOnlyForDeploymentPostprocessing = 0;
			shellPath = /bin/sh;
			shellScript = "FRAMEWORK=\"${TARGET_NAME}.framework\"\nrm -r \"${SRCROOT}/${FRAMEWORK}\"\ncp -R \"${BUILT_PRODUCTS_DIR}/${FRAMEWORK}\" \"${SRCROOT}\"\n";
		};
		CB198514792C1F69F3B65026 /* [CP] Check Pods Manifest.lock */ = {
			isa = PBXShellScriptBuildPhase;
			buildActionMask = 2147483647;
			files = (
			);
			inputPaths = (
				"${PODS_PODFILE_DIR_PATH}/Podfile.lock",
				"${PODS_ROOT}/Manifest.lock",
			);
			name = "[CP] Check Pods Manifest.lock";
			outputPaths = (
				"$(DERIVED_FILE_DIR)/Pods-WeChatTweak-checkManifestLockResult.txt",
			);
			runOnlyForDeploymentPostprocessing = 0;
			shellPath = /bin/sh;
			shellScript = "diff \"${PODS_PODFILE_DIR_PATH}/Podfile.lock\" \"${PODS_ROOT}/Manifest.lock\" > /dev/null\nif [ $? != 0 ] ; then\n    # print error to STDERR\n    echo \"error: The sandbox is not in sync with the Podfile.lock. Run 'pod install' or update your CocoaPods installation.\" >&2\n    exit 1\nfi\n# This output is used by Xcode 'outputs' to avoid re-running this script phase.\necho \"SUCCESS\" > \"${SCRIPT_OUTPUT_FILE_0}\"\n";
			showEnvVarsInLog = 0;
		};
/* End PBXShellScriptBuildPhase section */

/* Begin PBXSourcesBuildPhase section */
		7DF842221F40583F00D42D79 /* Sources */ = {
			isa = PBXSourcesBuildPhase;
			buildActionMask = 2147483647;
			files = (
				7D14E5A51F6447DB00D75132 /* AlfredManager.m in Sources */,
				7DF842531F4058C600D42D79 /* TweakPreferencesController.m in Sources */,
				7D9049F91F82B6FB004E6370 /* NSString+WeChatTweak.m in Sources */,
				7DBA4468231812AB004CE2DB /* RecallCacheManager.m in Sources */,
				7DF842341F4058AB00D42D79 /* WeChatTweak.m in Sources */,
				7DB8AFBF206211D900E683AE /* WTConfigManager.m in Sources */,
				7D9049F51F82A41A004E6370 /* fishhook.c in Sources */,
				7DF8425C1F4058DD00D42D79 /* NSBundle+WeChatTweak.m in Sources */,
			);
			runOnlyForDeploymentPostprocessing = 0;
		};
/* End PBXSourcesBuildPhase section */

/* Begin PBXVariantGroup section */
		7D54A05E20E74D9400CB5306 /* TweakPreferencesController.xib */ = {
			isa = PBXVariantGroup;
			children = (
				7D54A05F20E74E4600CB5306 /* Base */,
				7DF7065D23A8B69000DEA8F6 /* en */,
				7DF7065E23A8B69A00DEA8F6 /* zh-Hans */,
				7DF7065F23A8B6A400DEA8F6 /* zh-Hant */,
			);
			name = TweakPreferencesController.xib;
			sourceTree = "<group>";
		};
		7D54A06C20E74FE500CB5306 /* Localizable.strings */ = {
			isa = PBXVariantGroup;
			children = (
				7D54A07020E74FFD00CB5306 /* en */,
				7D54A07120E7535F00CB5306 /* zh-Hans */,
				7D54A07220E7536300CB5306 /* zh-Hant */,
			);
			name = Localizable.strings;
			sourceTree = "<group>";
		};
/* End PBXVariantGroup section */

/* Begin XCBuildConfiguration section */
		7DF8422D1F40583F00D42D79 /* Debug */ = {
			isa = XCBuildConfiguration;
			buildSettings = {
				ALWAYS_SEARCH_USER_PATHS = NO;
				CLANG_ANALYZER_LOCALIZABILITY_NONLOCALIZED = YES;
				CLANG_ANALYZER_NONNULL = YES;
				CLANG_ANALYZER_NUMBER_OBJECT_CONVERSION = YES_AGGRESSIVE;
				CLANG_CXX_LANGUAGE_STANDARD = "gnu++0x";
				CLANG_CXX_LIBRARY = "libc++";
				CLANG_ENABLE_MODULES = YES;
				CLANG_ENABLE_OBJC_ARC = YES;
				CLANG_WARN_BLOCK_CAPTURE_AUTORELEASING = YES;
				CLANG_WARN_BOOL_CONVERSION = YES;
				CLANG_WARN_COMMA = YES;
				CLANG_WARN_CONSTANT_CONVERSION = YES;
				CLANG_WARN_DEPRECATED_OBJC_IMPLEMENTATIONS = YES;
				CLANG_WARN_DIRECT_OBJC_ISA_USAGE = YES_ERROR;
				CLANG_WARN_DOCUMENTATION_COMMENTS = YES;
				CLANG_WARN_EMPTY_BODY = YES;
				CLANG_WARN_ENUM_CONVERSION = YES;
				CLANG_WARN_INFINITE_RECURSION = YES;
				CLANG_WARN_INT_CONVERSION = YES;
				CLANG_WARN_NON_LITERAL_NULL_CONVERSION = YES;
				CLANG_WARN_OBJC_IMPLICIT_RETAIN_SELF = YES;
				CLANG_WARN_OBJC_LITERAL_CONVERSION = YES;
				CLANG_WARN_OBJC_ROOT_CLASS = YES_ERROR;
				CLANG_WARN_RANGE_LOOP_ANALYSIS = YES;
				CLANG_WARN_STRICT_PROTOTYPES = YES;
				CLANG_WARN_SUSPICIOUS_MOVE = YES;
				CLANG_WARN_UNREACHABLE_CODE = YES;
				CLANG_WARN__DUPLICATE_METHOD_MATCH = YES;
				CODE_SIGN_IDENTITY = "-";
				COPY_PHASE_STRIP = NO;
				CURRENT_PROJECT_VERSION = 9;
				DEBUG_INFORMATION_FORMAT = dwarf;
				ENABLE_STRICT_OBJC_MSGSEND = YES;
				ENABLE_TESTABILITY = YES;
				GCC_C_LANGUAGE_STANDARD = gnu99;
				GCC_DYNAMIC_NO_PIC = NO;
				GCC_NO_COMMON_BLOCKS = YES;
				GCC_OPTIMIZATION_LEVEL = 0;
				GCC_PREPROCESSOR_DEFINITIONS = (
					"DEBUG=1",
					"$(inherited)",
				);
				GCC_WARN_64_TO_32_BIT_CONVERSION = YES;
				GCC_WARN_ABOUT_RETURN_TYPE = YES_ERROR;
				GCC_WARN_UNDECLARED_SELECTOR = YES;
				GCC_WARN_UNINITIALIZED_AUTOS = YES_AGGRESSIVE;
				GCC_WARN_UNUSED_FUNCTION = YES;
				GCC_WARN_UNUSED_VARIABLE = YES;
				MACOSX_DEPLOYMENT_TARGET = 10.10;
				MTL_ENABLE_DEBUG_INFO = YES;
				ONLY_ACTIVE_ARCH = YES;
				SDKROOT = macosx;
				VERSIONING_SYSTEM = "apple-generic";
				VERSION_INFO_PREFIX = "";
			};
			name = Debug;
		};
		7DF8422E1F40583F00D42D79 /* Release */ = {
			isa = XCBuildConfiguration;
			buildSettings = {
				ALWAYS_SEARCH_USER_PATHS = NO;
				CLANG_ANALYZER_LOCALIZABILITY_NONLOCALIZED = YES;
				CLANG_ANALYZER_NONNULL = YES;
				CLANG_ANALYZER_NUMBER_OBJECT_CONVERSION = YES_AGGRESSIVE;
				CLANG_CXX_LANGUAGE_STANDARD = "gnu++0x";
				CLANG_CXX_LIBRARY = "libc++";
				CLANG_ENABLE_MODULES = YES;
				CLANG_ENABLE_OBJC_ARC = YES;
				CLANG_WARN_BLOCK_CAPTURE_AUTORELEASING = YES;
				CLANG_WARN_BOOL_CONVERSION = YES;
				CLANG_WARN_COMMA = YES;
				CLANG_WARN_CONSTANT_CONVERSION = YES;
				CLANG_WARN_DEPRECATED_OBJC_IMPLEMENTATIONS = YES;
				CLANG_WARN_DIRECT_OBJC_ISA_USAGE = YES_ERROR;
				CLANG_WARN_DOCUMENTATION_COMMENTS = YES;
				CLANG_WARN_EMPTY_BODY = YES;
				CLANG_WARN_ENUM_CONVERSION = YES;
				CLANG_WARN_INFINITE_RECURSION = YES;
				CLANG_WARN_INT_CONVERSION = YES;
				CLANG_WARN_NON_LITERAL_NULL_CONVERSION = YES;
				CLANG_WARN_OBJC_IMPLICIT_RETAIN_SELF = YES;
				CLANG_WARN_OBJC_LITERAL_CONVERSION = YES;
				CLANG_WARN_OBJC_ROOT_CLASS = YES_ERROR;
				CLANG_WARN_RANGE_LOOP_ANALYSIS = YES;
				CLANG_WARN_STRICT_PROTOTYPES = YES;
				CLANG_WARN_SUSPICIOUS_MOVE = YES;
				CLANG_WARN_UNREACHABLE_CODE = YES;
				CLANG_WARN__DUPLICATE_METHOD_MATCH = YES;
				CODE_SIGN_IDENTITY = "-";
				COPY_PHASE_STRIP = NO;
				CURRENT_PROJECT_VERSION = 9;
				DEBUG_INFORMATION_FORMAT = "dwarf-with-dsym";
				ENABLE_NS_ASSERTIONS = NO;
				ENABLE_STRICT_OBJC_MSGSEND = YES;
				GCC_C_LANGUAGE_STANDARD = gnu99;
				GCC_NO_COMMON_BLOCKS = YES;
				GCC_WARN_64_TO_32_BIT_CONVERSION = YES;
				GCC_WARN_ABOUT_RETURN_TYPE = YES_ERROR;
				GCC_WARN_UNDECLARED_SELECTOR = YES;
				GCC_WARN_UNINITIALIZED_AUTOS = YES_AGGRESSIVE;
				GCC_WARN_UNUSED_FUNCTION = YES;
				GCC_WARN_UNUSED_VARIABLE = YES;
				MACOSX_DEPLOYMENT_TARGET = 10.10;
				MTL_ENABLE_DEBUG_INFO = NO;
				SDKROOT = macosx;
				VERSIONING_SYSTEM = "apple-generic";
				VERSION_INFO_PREFIX = "";
			};
			name = Release;
		};
		7DF842301F40583F00D42D79 /* Debug */ = {
			isa = XCBuildConfiguration;
			baseConfigurationReference = A82E6F61C63DBD47219BB308 /* Pods-WeChatTweak.debug.xcconfig */;
			buildSettings = {
				CODE_SIGN_IDENTITY = "";
				COMBINE_HIDPI_IMAGES = YES;
				DEFINES_MODULE = YES;
				DYLIB_COMPATIBILITY_VERSION = 1;
				DYLIB_CURRENT_VERSION = 9;
				DYLIB_INSTALL_NAME_BASE = "@rpath";
				FRAMEWORK_VERSION = A;
				INFOPLIST_FILE = "WeChatTweak/Supporting Files/Info.plist";
				INSTALL_PATH = "$(LOCAL_LIBRARY_DIR)/Frameworks";
				LD_RUNPATH_SEARCH_PATHS = "$(inherited) @executable_path/../Frameworks @loader_path/Frameworks";
				PRODUCT_BUNDLE_IDENTIFIER = net.sunnyyoung.WeChatTweak;
				PRODUCT_NAME = "$(TARGET_NAME)";
				SKIP_INSTALL = YES;
			};
			name = Debug;
		};
		7DF842311F40583F00D42D79 /* Release */ = {
			isa = XCBuildConfiguration;
			baseConfigurationReference = B418F83DA5D4A992F73514A9 /* Pods-WeChatTweak.release.xcconfig */;
			buildSettings = {
				CODE_SIGN_IDENTITY = "";
				COMBINE_HIDPI_IMAGES = YES;
				DEFINES_MODULE = YES;
				DYLIB_COMPATIBILITY_VERSION = 1;
				DYLIB_CURRENT_VERSION = 9;
				DYLIB_INSTALL_NAME_BASE = "@rpath";
				FRAMEWORK_VERSION = A;
				INFOPLIST_FILE = "WeChatTweak/Supporting Files/Info.plist";
				INSTALL_PATH = "$(LOCAL_LIBRARY_DIR)/Frameworks";
				LD_RUNPATH_SEARCH_PATHS = "$(inherited) @executable_path/../Frameworks @loader_path/Frameworks";
				PRODUCT_BUNDLE_IDENTIFIER = net.sunnyyoung.WeChatTweak;
				PRODUCT_NAME = "$(TARGET_NAME)";
				SKIP_INSTALL = YES;
			};
			name = Release;
		};
/* End XCBuildConfiguration section */

/* Begin XCConfigurationList section */
		7DF842211F40583F00D42D79 /* Build configuration list for PBXProject "WeChatTweak" */ = {
			isa = XCConfigurationList;
			buildConfigurations = (
				7DF8422D1F40583F00D42D79 /* Debug */,
				7DF8422E1F40583F00D42D79 /* Release */,
			);
			defaultConfigurationIsVisible = 0;
			defaultConfigurationName = Release;
		};
		7DF8422F1F40583F00D42D79 /* Build configuration list for PBXNativeTarget "WeChatTweak" */ = {
			isa = XCConfigurationList;
			buildConfigurations = (
				7DF842301F40583F00D42D79 /* Debug */,
				7DF842311F40583F00D42D79 /* Release */,
			);
			defaultConfigurationIsVisible = 0;
			defaultConfigurationName = Release;
		};
/* End XCConfigurationList section */
	};
	rootObject = 7DF8421E1F40583F00D42D79 /* Project object */;
}
